# THIS IS AN AUTOGENERATED FILE. DO NOT EDIT THIS FILE DIRECTLY.
# yarn lockfile v1


"acorn-node@^1.3.0":
  "integrity" "sha512-8mt+fslDufLYntIoPAaIMUe/lrbrehIiwmR3t2k9LljIzoigEPF27eLk2hy8zSGzmR/ogr7zbRKINMo1u0yh5A=="
  "resolved" "https://registry.npmjs.org/acorn-node/-/acorn-node-1.8.2.tgz"
  "version" "1.8.2"
  dependencies:
    "acorn" "^7.0.0"
    "acorn-walk" "^7.0.0"
    "xtend" "^4.0.2"

"acorn-walk@^7.0.0":
  "integrity" "sha512-OPdCF6GsMIP+Az+aWfAAOEt2/+iVDKE7oy6lJ098aoe59oAmK76qV6Gw60SbZ8jHuG2wH058GF4pLFbYamYrVA=="
  "resolved" "https://registry.npmjs.org/acorn-walk/-/acorn-walk-7.2.0.tgz"
  "version" "7.2.0"

"acorn@^5.0.0":
  "integrity" "sha512-1D++VG7BhrtvQpNbBzovKNc1FLGGEE/oGe7b9xJm/RFHMBeUaUGpluV9RLjZa47YFdPcDAenEYuq9pQPcMdLJg=="
  "resolved" "https://registry.npmjs.org/acorn/-/acorn-5.7.4.tgz"
  "version" "5.7.4"

"acorn@^7.0.0":
  "integrity" "sha512-nQyp0o1/mNdbTO1PO6kHkwSrmgZ0MT/jCCpNiwbUjGoRN4dlBhqJtoQuCnEOKzgTVwg0ZWiCoQy6SxMebQVh8A=="
  "resolved" "https://registry.npmjs.org/acorn/-/acorn-7.4.1.tgz"
  "version" "7.4.1"

"amdefine@>=0.0.4":
  "integrity" "sha1-SlKCrBZHKek2Gbz9OtFR+BfOkfU="
  "resolved" "https://registry.npmjs.org/amdefine/-/amdefine-1.0.1.tgz"
  "version" "1.0.1"

"array-from@^2.1.1":
  "integrity" "sha1-z+nYwmYoudxa7MYqn12PHzUsEZU="
  "resolved" "https://registry.npmjs.org/array-from/-/array-from-2.1.1.tgz"
  "version" "2.1.1"

"ast-transform@0.0.0":
  "integrity" "sha1-dJRAWIh9goPhidlUYAlHvJj+AGI="
  "resolved" "https://registry.npmjs.org/ast-transform/-/ast-transform-0.0.0.tgz"
  "version" "0.0.0"
  dependencies:
    "escodegen" "~1.2.0"
    "esprima" "~1.0.4"
    "through" "~2.3.4"

"ast-types@^0.7.0":
  "integrity" "sha1-kC0uDWDQcb3NRtwRXhgJ7RHBOKk="
  "resolved" "https://registry.npmjs.org/ast-types/-/ast-types-0.7.8.tgz"
  "version" "0.7.8"

"babel-runtime@^6.11.6":
  "integrity" "sha1-llxwWGaOgrVde/4E/yM3vItWR/4="
  "resolved" "https://registry.npmjs.org/babel-runtime/-/babel-runtime-6.26.0.tgz"
  "version" "6.26.0"
  dependencies:
    "core-js" "^2.4.0"
    "regenerator-runtime" "^0.11.0"

"base64-js@^1.1.2":
  "integrity" "sha512-ccav/yGvoa80BQDljCxsmmQ3Xvx60/UpBIij5QN21W3wBi/hhIC9OoO+KLpu9IJTS9j4DRVJ3aDDF9cMSoa2lw=="
  "resolved" "https://registry.npmjs.org/base64-js/-/base64-js-1.3.0.tgz"
  "version" "1.3.0"

"base64-js@0.0.8":
  "integrity" "sha1-EQHpVE9KdrG8OybUUsqW16NeeXg="
  "resolved" "https://registry.npmjs.org/base64-js/-/base64-js-0.0.8.tgz"
  "version" "0.0.8"

"brfs@^1.4.0":
  "integrity" "sha512-OfZpABRQQf+Xsmju8XE9bDjs+uU4vLREGolP7bDgcpsI17QREyZ4Bl+2KLxxx1kCgA0fAIhKQBaBYh+PEcCqYQ=="
  "resolved" "https://registry.npmjs.org/brfs/-/brfs-1.6.1.tgz"
  "version" "1.6.1"
  dependencies:
    "quote-stream" "^1.0.1"
    "resolve" "^1.1.5"
    "static-module" "^2.2.0"
    "through2" "^2.0.0"

"brfs@^2.0.2":
  "integrity" "sha512-IrFjVtwu4eTJZyu8w/V2gxU7iLTtcHih67sgEdzrhjLBMHp2uYefUBfdM4k2UvcuWMgV7PQDZHSLeNWnLFKWVQ=="
  "resolved" "https://registry.npmjs.org/brfs/-/brfs-2.0.2.tgz"
  "version" "2.0.2"
  dependencies:
    "quote-stream" "^1.0.1"
    "resolve" "^1.1.5"
    "static-module" "^3.0.2"
    "through2" "^2.0.0"

"brotli@^1.2.0":
  "integrity" "sha1-UlqcrU/LqWR119OI9q7LE+7VL0Y="
  "resolved" "https://registry.npmjs.org/brotli/-/brotli-1.3.2.tgz"
  "version" "1.3.2"
  dependencies:
    "base64-js" "^1.1.2"

"browser-resolve@^1.8.1":
  "integrity" "sha512-exDi1BYWB/6raKHmDTCicQfTkqwN5fioMFV4j8BsfMU4R2DK/QfZfK7kOVkmWCNANf0snkBzqGqAJBao9gZMdQ=="
  "resolved" "https://registry.npmjs.org/browser-resolve/-/browser-resolve-1.11.3.tgz"
  "version" "1.11.3"
  dependencies:
    "resolve" "1.1.7"

"browserify-optional@^1.0.0":
  "integrity" "sha1-HhNyLP3g2F8SFnbCpyztUzoBiGk="
  "resolved" "https://registry.npmjs.org/browserify-optional/-/browserify-optional-1.0.1.tgz"
  "version" "1.0.1"
  dependencies:
    "ast-transform" "0.0.0"
    "ast-types" "^0.7.0"
    "browser-resolve" "^1.8.1"

"buffer-equal@0.0.1":
  "integrity" "sha1-kbx0sR6kBbyRa8aqkI+q+ltKrEs="
  "resolved" "https://registry.npmjs.org/buffer-equal/-/buffer-equal-0.0.1.tgz"
  "version" "0.0.1"

"buffer-from@^1.0.0":
  "integrity" "sha512-MQcXEUbCKtEo7bhqEs6560Hyd4XaovZlO/k9V3hjVUF/zwW7KBVdSK4gIt/bzwS9MbR5qob+F5jusZsb0YQK2A=="
  "resolved" "https://registry.npmjs.org/buffer-from/-/buffer-from-1.1.1.tgz"
  "version" "1.1.1"

"clone@^1.0.1":
  "integrity" "sha1-2jCcwmPfFZlMaIypAheco8fNfH4="
  "resolved" "https://registry.npmjs.org/clone/-/clone-1.0.4.tgz"
  "version" "1.0.4"

"concat-stream@~1.6.0":
  "integrity" "sha512-27HBghJxjiZtIk3Ycvn/4kbJk/1uZuJFfuPEns6LaEvpvG1f0hTea8lilrouyo9mVc2GWdcEZ8OLoGmSADlrCw=="
  "resolved" "https://registry.npmjs.org/concat-stream/-/concat-stream-1.6.2.tgz"
  "version" "1.6.2"
  dependencies:
    "buffer-from" "^1.0.0"
    "inherits" "^2.0.3"
    "readable-stream" "^2.2.2"
    "typedarray" "^0.0.6"

"convert-source-map@^1.5.1":
  "integrity" "sha512-eFu7XigvxdZ1ETfbgPBohgyQ/Z++C0eEhTor0qRwBw9unw+L0/6V8wkSuGgzdThkiS5lSpdptOQPD8Ak40a+7A=="
  "resolved" "https://registry.npmjs.org/convert-source-map/-/convert-source-map-1.6.0.tgz"
  "version" "1.6.0"
  dependencies:
    "safe-buffer" "~5.1.1"

"core-js@^2.4.0":
  "integrity" "sha512-klh/kDpwX8hryYL14M9w/xei6vrv6sE8gTHDG7/T/+SEovB/G4ejwcfE/CBzO6Edsu+OETZMZ3wcX/EjUkrl5A=="
  "resolved" "https://registry.npmjs.org/core-js/-/core-js-2.6.5.tgz"
  "version" "2.6.5"

"core-util-is@~1.0.0":
  "integrity" "sha1-tf1UIgqivFq1eqtxQMlAdUUDwac="
  "resolved" "https://registry.npmjs.org/core-util-is/-/core-util-is-1.0.2.tgz"
  "version" "1.0.2"

"crypto-js@^3.1.9-1":
  "integrity" "sha1-/aGedh/Ad+Af+/3G6f38WeiAbNg="
  "resolved" "https://registry.npmjs.org/crypto-js/-/crypto-js-3.1.9-1.tgz"
  "version" "3.1.9-1"

"d@^1.0.1", "d@1":
  "integrity" "sha512-m62ShEObQ39CfralilEQRjH6oAMtNCV1xJyEx5LpRYUVN+EviphDgUc/F3hnYbADmkiNs67Y+3ylmlG7Lnu+FA=="
  "resolved" "https://registry.npmjs.org/d/-/d-1.0.1.tgz"
  "version" "1.0.1"
  dependencies:
    "es5-ext" "^0.10.50"
    "type" "^1.0.1"

"dash-ast@^1.0.0":
  "integrity" "sha512-Vy4dx7gquTeMcQR/hDkYLGUnwVil6vk4FOOct+djUnHOUWt+zJPJAaRIXaAFkPXtJjvlY7o3rfRu0/3hpnwoUA=="
  "resolved" "https://registry.npmjs.org/dash-ast/-/dash-ast-1.0.0.tgz"
  "version" "1.0.0"

"deep-equal@^1.0.0":
  "integrity" "sha1-9dJgKStmDghO/0zbyfCK0yR0SLU="
  "resolved" "https://registry.npmjs.org/deep-equal/-/deep-equal-1.0.1.tgz"
  "version" "1.0.1"

"deep-is@~0.1.3":
  "integrity" "sha1-s2nW+128E+7PUk+RsHD+7cNXzzQ="
  "resolved" "https://registry.npmjs.org/deep-is/-/deep-is-0.1.3.tgz"
  "version" "0.1.3"

"dfa@^1.0.0":
  "integrity" "sha1-0wIYvRDQMPpCHfPrvIIoVGOjF4E="
  "resolved" "https://registry.npmjs.org/dfa/-/dfa-1.1.0.tgz"
  "version" "1.1.0"
  dependencies:
    "babel-runtime" "^6.11.6"

"duplexer2@~0.1.4":
  "integrity" "sha1-ixLauHjA1p4+eJEFFmKjL8a93ME="
  "resolved" "https://registry.npmjs.org/duplexer2/-/duplexer2-0.1.4.tgz"
  "version" "0.1.4"
  dependencies:
    "readable-stream" "^2.0.2"

"es5-ext@^0.10.35", "es5-ext@^0.10.50", "es5-ext@~0.10.14":
  "integrity" "sha512-Xs2Stw6NiNHWypzRTY1MtaG/uJlwCk8kH81920ma8mvN8Xq1gsfhZvpkImLQArw8AHnv8MT2I45J3c0R8slE+Q=="
  "resolved" "https://registry.npmjs.org/es5-ext/-/es5-ext-0.10.53.tgz"
  "version" "0.10.53"
  dependencies:
    "es6-iterator" "~2.0.3"
    "es6-symbol" "~3.1.3"
    "next-tick" "~1.0.0"

"es6-iterator@~2.0.1", "es6-iterator@~2.0.3":
  "integrity" "sha1-p96IkUGgWpSwhUQDstCg+/qY87c="
  "resolved" "https://registry.npmjs.org/es6-iterator/-/es6-iterator-2.0.3.tgz"
  "version" "2.0.3"
  dependencies:
    "d" "1"
    "es5-ext" "^0.10.35"
    "es6-symbol" "^3.1.1"

"es6-map@^0.1.5":
  "integrity" "sha1-kTbgUD3MBqMBaQ8LsU/042TpSfA="
  "resolved" "https://registry.npmjs.org/es6-map/-/es6-map-0.1.5.tgz"
  "version" "0.1.5"
  dependencies:
    "d" "1"
    "es5-ext" "~0.10.14"
    "es6-iterator" "~2.0.1"
    "es6-set" "~0.1.5"
    "es6-symbol" "~3.1.1"
    "event-emitter" "~0.3.5"

"es6-set@^0.1.5", "es6-set@~0.1.5":
  "integrity" "sha1-0rPsXU2ADO2BjbU40ol02wpzzLE="
  "resolved" "https://registry.npmjs.org/es6-set/-/es6-set-0.1.5.tgz"
  "version" "0.1.5"
  dependencies:
    "d" "1"
    "es5-ext" "~0.10.14"
    "es6-iterator" "~2.0.1"
    "es6-symbol" "3.1.1"
    "event-emitter" "~0.3.5"

"es6-symbol@^3.1.1", "es6-symbol@~3.1.1", "es6-symbol@~3.1.3":
  "integrity" "sha512-NJ6Yn3FuDinBaBRWl/q5X/s4koRHBrgKAu+yGI6JCBeiu3qrcbJhwT2GeR/EXVfylRk8dpQVJoLEFhK+Mu31NA=="
  "resolved" "https://registry.npmjs.org/es6-symbol/-/es6-symbol-3.1.3.tgz"
  "version" "3.1.3"
  dependencies:
    "d" "^1.0.1"
    "ext" "^1.1.2"

"es6-symbol@3.1.1":
  "integrity" "sha1-vwDvT9q2uhtG7Le2KbTH7VcVzHc="
  "resolved" "https://registry.npmjs.org/es6-symbol/-/es6-symbol-3.1.1.tgz"
  "version" "3.1.1"
  dependencies:
    "d" "1"
    "es5-ext" "~0.10.14"

"escodegen@^1.11.1":
  "integrity" "sha512-qFcX0XJkdg+PB3xjZZG/wKSuT1PnQWx57+TVSjIMmILd2yC/6ByYElPwJnslDsuWuSAp4AwJGumarAAmJch5Kw=="
  "resolved" "https://registry.npmjs.org/escodegen/-/escodegen-1.14.3.tgz"
  "version" "1.14.3"
  dependencies:
    "esprima" "^4.0.1"
    "estraverse" "^4.2.0"
    "esutils" "^2.0.2"
    "optionator" "^0.8.1"
    "source-map" "~0.6.1"
  optionalDependencies:
    "source-map" "~0.6.1"

"escodegen@~1.2.0":
  "integrity" "sha1-Cd55Z3kcyVi3+Jot220jRRrzJ+E="
  "resolved" "https://registry.npmjs.org/escodegen/-/escodegen-1.2.0.tgz"
  "version" "1.2.0"
  dependencies:
    "esprima" "~1.0.4"
    "estraverse" "~1.5.0"
    "esutils" "~1.0.0"
    "source-map" "~0.1.30"
  optionalDependencies:
    "source-map" "~0.1.30"

"escodegen@~1.9.0":
  "integrity" "sha512-6hTjO1NAWkHnDk3OqQ4YrCuwwmGHL9S3nPlzBOUG/R44rda3wLNrfvQ5fkSGjyhHFKM7ALPKcKGrwvCLe0lC7Q=="
  "resolved" "https://registry.npmjs.org/escodegen/-/escodegen-1.9.1.tgz"
  "version" "1.9.1"
  dependencies:
    "esprima" "^3.1.3"
    "estraverse" "^4.2.0"
    "esutils" "^2.0.2"
    "optionator" "^0.8.1"
    "source-map" "~0.6.1"
  optionalDependencies:
    "source-map" "~0.6.1"

"esprima@^3.1.3":
  "integrity" "sha1-/cpRzuYTOJXjyI1TXOSdv/YqRjM="
  "resolved" "https://registry.npmjs.org/esprima/-/esprima-3.1.3.tgz"
  "version" "3.1.3"

"esprima@^4.0.1":
  "integrity" "sha512-eGuFFw7Upda+g4p+QHvnW0RyTX/SVeJBDM/gCtMARO0cLuT2HcEKnTPvhjV6aGeqrCB/sbNop0Kszm0jsaWU4A=="
  "resolved" "https://registry.npmjs.org/esprima/-/esprima-4.0.1.tgz"
  "version" "4.0.1"

"esprima@~1.0.4":
  "integrity" "sha1-n1V+CPw7TSbs6d00+Pv0drYlha0="
  "resolved" "https://registry.npmjs.org/esprima/-/esprima-1.0.4.tgz"
  "version" "1.0.4"

"estraverse@^4.2.0":
  "integrity" "sha1-De4/7TH81GlhjOc0IJn8GvoL2xM="
  "resolved" "https://registry.npmjs.org/estraverse/-/estraverse-4.2.0.tgz"
  "version" "4.2.0"

"estraverse@~1.5.0":
  "integrity" "sha1-hno+jlip+EYYr7bC3bzZFrfLr3E="
  "resolved" "https://registry.npmjs.org/estraverse/-/estraverse-1.5.1.tgz"
  "version" "1.5.1"

"estree-is-function@^1.0.0":
  "integrity" "sha512-nSCWn1jkSq2QAtkaVLJZY2ezwcFO161HVc174zL1KPW3RJ+O6C3eJb8Nx7OXzvhoEv+nLgSR1g71oWUHUDTrJA=="
  "resolved" "https://registry.npmjs.org/estree-is-function/-/estree-is-function-1.0.0.tgz"
  "version" "1.0.0"

"esutils@^2.0.2":
  "integrity" "sha1-Cr9PHKpbyx96nYrMbepPqqBLrJs="
  "resolved" "https://registry.npmjs.org/esutils/-/esutils-2.0.2.tgz"
  "version" "2.0.2"

"esutils@~1.0.0":
  "integrity" "sha1-gVHTWOIMisx/t0XnRywAJf5JZXA="
  "resolved" "https://registry.npmjs.org/esutils/-/esutils-1.0.0.tgz"
  "version" "1.0.0"

"event-emitter@~0.3.5":
  "integrity" "sha1-34xp7vFkeSPHFXuc6DhAYQsCzDk="
  "resolved" "https://registry.npmjs.org/event-emitter/-/event-emitter-0.3.5.tgz"
  "version" "0.3.5"
  dependencies:
    "d" "1"
    "es5-ext" "~0.10.14"

"ext@^1.1.2":
  "integrity" "sha512-Key5NIsUxdqKg3vIsdw9dSuXpPCQ297y6wBjL30edxwPgt2E44WcWBZey/ZvUc6sERLTxKdyCu4gZFmUbk1Q7A=="
  "resolved" "https://registry.npmjs.org/ext/-/ext-1.4.0.tgz"
  "version" "1.4.0"
  dependencies:
    "type" "^2.0.0"

"falafel@^2.1.0":
  "integrity" "sha1-lrsXdh2rqU9G0AFzizzt86Z/4Gw="
  "resolved" "https://registry.npmjs.org/falafel/-/falafel-2.1.0.tgz"
  "version" "2.1.0"
  dependencies:
    "acorn" "^5.0.0"
    "foreach" "^2.0.5"
    "isarray" "0.0.1"
    "object-keys" "^1.0.6"

"fast-levenshtein@~2.0.4":
  "integrity" "sha1-PYpcZog6FqMMqGQ+hR8Zuqd5eRc="
  "resolved" "https://registry.npmjs.org/fast-levenshtein/-/fast-levenshtein-2.0.6.tgz"
  "version" "2.0.6"

"fontkit@^1.8.0":
  "integrity" "sha512-EFDRCca7khfQWYu1iFhsqeABpi87f03MBdkT93ZE6YhqCdMzb5Eojb6c4dlJikGv5liuhByyzA7ikpIPTSBWbQ=="
  "resolved" "https://registry.npmjs.org/fontkit/-/fontkit-1.8.0.tgz"
  "version" "1.8.0"
  dependencies:
    "babel-runtime" "^6.11.6"
    "brfs" "^1.4.0"
    "brotli" "^1.2.0"
    "browserify-optional" "^1.0.0"
    "clone" "^1.0.1"
    "deep-equal" "^1.0.0"
    "dfa" "^1.0.0"
    "restructure" "^0.5.3"
    "tiny-inflate" "^1.0.2"
    "unicode-properties" "^1.0.0"
    "unicode-trie" "^0.3.0"

"foreach@^2.0.5":
  "integrity" "sha1-C+4AUBiusmDQo6865ljdATbsG5k="
  "resolved" "https://registry.npmjs.org/foreach/-/foreach-2.0.5.tgz"
  "version" "2.0.5"

"function-bind@^1.1.1":
  "integrity" "sha512-yIovAzMX49sF8Yl58fSCWJ5svSLuaibPxXQJFLmBObTuCr0Mf1KiPopGM9NiFjiYBCbfaa2Fh6breQ6ANVTI0A=="
  "resolved" "https://registry.npmjs.org/function-bind/-/function-bind-1.1.1.tgz"
  "version" "1.1.1"

"get-assigned-identifiers@^1.1.0":
  "integrity" "sha512-mBBwmeGTrxEMO4pMaaf/uUEFHnYtwr8FTe8Y/mer4rcV/bye0qGm6pw1bGZFGStxC5O76c5ZAVBGnqHmOaJpdQ=="
  "resolved" "https://registry.npmjs.org/get-assigned-identifiers/-/get-assigned-identifiers-1.2.0.tgz"
  "version" "1.2.0"

"has@^1.0.1":
  "integrity" "sha512-f2dvO0VU6Oej7RkWJGrehjbzMAjFp5/VKPp5tTpWIV4JHHZK1/BxbFRtf/siA2SWTe09caDmVtYYzWEIbBS4zw=="
  "resolved" "https://registry.npmjs.org/has/-/has-1.0.3.tgz"
  "version" "1.0.3"
  dependencies:
    "function-bind" "^1.1.1"

"inherits@^2.0.3", "inherits@~2.0.3":
  "integrity" "sha1-Yzwsg+PaQqUC9SRmAiSA9CCCYd4="
  "resolved" "https://registry.npmjs.org/inherits/-/inherits-2.0.3.tgz"
  "version" "2.0.3"

"isarray@~1.0.0":
  "integrity" "sha1-u5NdSFgsuhaMBoNJV6VKPgcSTxE="
  "resolved" "https://registry.npmjs.org/isarray/-/isarray-1.0.0.tgz"
  "version" "1.0.0"

"isarray@0.0.1":
  "integrity" "sha1-ihis/Kmo9Bd+Cav8YDiTmwXR7t8="
  "resolved" "https://registry.npmjs.org/isarray/-/isarray-0.0.1.tgz"
  "version" "0.0.1"

"levn@~0.3.0":
  "integrity" "sha1-OwmSTt+fCDwEkP3UwLxEIeBHZO4="
  "resolved" "https://registry.npmjs.org/levn/-/levn-0.3.0.tgz"
  "version" "0.3.0"
  dependencies:
    "prelude-ls" "~1.1.2"
    "type-check" "~0.3.2"

"linebreak@^1.0.2":
  "integrity" "sha512-bJwSRsJeAmaZYnkcwl5sCQNfSDAhBuXxb6L27tb+qkBRtUQSSTUa5bcgCPD6hFEkRNlpWHfK7nFMmcANU7ZP1w=="
  "resolved" "https://registry.npmjs.org/linebreak/-/linebreak-1.0.2.tgz"
  "version" "1.0.2"
  dependencies:
    "base64-js" "0.0.8"
    "brfs" "^2.0.2"
    "unicode-trie" "^1.0.0"

"lodash@^4.17.10":
  "integrity" "sha512-PlhdFcillOINfeV7Ni6oF1TAEayyZBoZ8bcshTHqOYJYlrqzRK5hagpagky5o4HfCzzd1TRkXPMFq6cKk9rGmA=="
  "resolved" "https://registry.npmjs.org/lodash/-/lodash-4.17.20.tgz"
  "version" "4.17.20"

"magic-string@^0.22.4":
  "integrity" "sha512-oreip9rJZkzvA8Qzk9HFs8fZGF/u7H/gtrE8EN6RjKJ9kh2HlC+yQ2QezifqTZfGyiuAV0dRv5a+y/8gBb1m9w=="
  "resolved" "https://registry.npmjs.org/magic-string/-/magic-string-0.22.5.tgz"
  "version" "0.22.5"
  dependencies:
    "vlq" "^0.2.2"

"magic-string@0.25.1":
  "integrity" "sha512-sCuTz6pYom8Rlt4ISPFn6wuFodbKMIHUMv4Qko9P17dpxb7s52KJTmRuZZqHdGmLCK9AOcDare039nRIcfdkEg=="
  "resolved" "https://registry.npmjs.org/magic-string/-/magic-string-0.25.1.tgz"
  "version" "0.25.1"
  dependencies:
    "sourcemap-codec" "^1.4.1"

"merge-source-map@1.0.4":
  "integrity" "sha1-pd5GU42uhNQRTMXqArR3KmNGcB8="
  "resolved" "https://registry.npmjs.org/merge-source-map/-/merge-source-map-1.0.4.tgz"
  "version" "1.0.4"
  dependencies:
    "source-map" "^0.5.6"

"minimist@^1.1.3":
  "integrity" "sha512-FM9nNUYrRBAELZQT3xeZQ7fmMOBg6nWNmJKTcgsJeaLstP/UODVpGsr5OhXhhXg6f+qtJ8uiZ+PUxkDWcgIXLw=="
  "resolved" "https://registry.npmjs.org/minimist/-/minimist-1.2.5.tgz"
  "version" "1.2.5"

"next-tick@~1.0.0":
  "integrity" "sha1-yobR/ogoFpsBICCOPchCS524NCw="
  "resolved" "https://registry.npmjs.org/next-tick/-/next-tick-1.0.0.tgz"
  "version" "1.0.0"

"object-inspect@^1.6.0":
  "integrity" "sha512-i3Bp9iTqwhaLZBxGkRfo5ZbE07BQRT7MGu8+nNgwW9ItGp1TzCTw2DLEoWwjClxBjOFI/hWljTAmYGCEwmtnOw=="
  "resolved" "https://registry.npmjs.org/object-inspect/-/object-inspect-1.9.0.tgz"
  "version" "1.9.0"

"object-inspect@~1.4.0":
  "integrity" "sha512-wqdhLpfCUbEsoEwl3FXwGyv8ief1k/1aUdIPCqVnupM6e8l63BEJdiF/0swtn04/8p05tG/T0FrpTlfwvljOdw=="
  "resolved" "https://registry.npmjs.org/object-inspect/-/object-inspect-1.4.1.tgz"
  "version" "1.4.1"

"object-keys@^1.0.6":
  "integrity" "sha512-6OO5X1+2tYkNyNEx6TsCxEqFfRWaqx6EtMiSbGrw8Ob8v9Ne+Hl8rBAgLBZn5wjEz3s/s6U1WXFUFOcxxAwUpg=="
  "resolved" "https://registry.npmjs.org/object-keys/-/object-keys-1.1.0.tgz"
  "version" "1.1.0"

"optionator@^0.8.1":
  "integrity" "sha1-NkxeQJ0/TWMB1sC0wFu6UBgK62Q="
  "resolved" "https://registry.npmjs.org/optionator/-/optionator-0.8.2.tgz"
  "version" "0.8.2"
  dependencies:
    "deep-is" "~0.1.3"
    "fast-levenshtein" "~2.0.4"
    "levn" "~0.3.0"
    "prelude-ls" "~1.1.2"
    "type-check" "~0.3.2"
    "wordwrap" "~1.0.0"

"pako@^0.2.5":
  "integrity" "sha1-8/dSL073gjSNqBYbrZ7P1Rv4OnU="
  "resolved" "https://registry.npmjs.org/pako/-/pako-0.2.9.tgz"
  "version" "0.2.9"

"path-parse@^1.0.6":
  "integrity" "sha512-GSmOT2EbHrINBf9SR7CDELwlJ8AENk3Qn7OikK4nFYAu3Ote2+JYNVvkpAEQm3/TLNEJFD/xZJjzyxg3KBWOzw=="
  "resolved" "https://registry.npmjs.org/path-parse/-/path-parse-1.0.6.tgz"
  "version" "1.0.6"

"pdfkit@0.11.0":
  "integrity" "sha512-1s9gaumXkYxcVF1iRtSmLiISF2r4nHtsTgpwXiK8Swe+xwk/1pm8FJjYqN7L3x13NsWnGyUFntWcO8vfqq+wwA=="
  "resolved" "https://registry.npmjs.org/pdfkit/-/pdfkit-0.11.0.tgz"
  "version" "0.11.0"
  dependencies:
    "crypto-js" "^3.1.9-1"
    "fontkit" "^1.8.0"
    "linebreak" "^1.0.2"
    "png-js" "^1.0.0"

"png-js@^1.0.0":
  "integrity" "sha512-k+YsbhpA9e+EFfKjTCH3VW6aoKlyNYI6NYdTfDL4CIvFnvsuO84ttonmZE7rc+v23SLTH8XX+5w/Ak9v0xGY4g=="
  "resolved" "https://registry.npmjs.org/png-js/-/png-js-1.0.0.tgz"
  "version" "1.0.0"

"prelude-ls@~1.1.2":
  "integrity" "sha1-IZMqVJ9eUv/ZqCf1cOBL5iqX2lQ="
  "resolved" "https://registry.npmjs.org/prelude-ls/-/prelude-ls-1.1.2.tgz"
  "version" "1.1.2"

"process-nextick-args@~2.0.0":
  "integrity" "sha512-MtEC1TqN0EU5nephaJ4rAtThHtC86dNN9qCuEhtshvpVBkAW5ZO7BASN9REnF9eoXGcRub+pFuKEpOHE+HbEMw=="
  "resolved" "https://registry.npmjs.org/process-nextick-args/-/process-nextick-args-2.0.0.tgz"
  "version" "2.0.0"

"quote-stream@^1.0.1", "quote-stream@~1.0.2":
  "integrity" "sha1-hJY/jJwmuULhU/7rU6rnRlK34LI="
  "resolved" "https://registry.npmjs.org/quote-stream/-/quote-stream-1.0.2.tgz"
  "version" "1.0.2"
  dependencies:
    "buffer-equal" "0.0.1"
    "minimist" "^1.1.3"
    "through2" "^2.0.0"

"readable-stream@^2.0.2", "readable-stream@^2.2.2", "readable-stream@~2.3.3", "readable-stream@~2.3.6":
  "integrity" "sha512-tQtKA9WIAhBF3+VLAseyMqZeBjW0AHJoxOtYqSUZNJxauErmLbVm2FW1y+J/YA9dUrAC39ITejlZWhVIwawkKw=="
  "resolved" "https://registry.npmjs.org/readable-stream/-/readable-stream-2.3.6.tgz"
  "version" "2.3.6"
  dependencies:
    "core-util-is" "~1.0.0"
    "inherits" "~2.0.3"
    "isarray" "~1.0.0"
    "process-nextick-args" "~2.0.0"
    "safe-buffer" "~5.1.1"
    "string_decoder" "~1.1.1"
    "util-deprecate" "~1.0.1"

"regenerator-runtime@^0.11.0":
  "integrity" "sha512-MguG95oij0fC3QV3URf4V2SDYGJhJnJGqvIIgdECeODCT98wSWDAJ94SSuVpYQUoTcGUIL6L4yNB7j1DFFHSBg=="
  "resolved" "https://registry.npmjs.org/regenerator-runtime/-/regenerator-runtime-0.11.1.tgz"
  "version" "0.11.1"

"resolve@^1.1.5":
  "integrity" "sha512-3sUr9aq5OfSg2S9pNtPA9hL1FVEAjvfOC4leW0SNf/mpnaakz2a9femSd6LqAww2RaFctwyf1lCqnTHuF1rxDg=="
  "resolved" "https://registry.npmjs.org/resolve/-/resolve-1.10.0.tgz"
  "version" "1.10.0"
  dependencies:
    "path-parse" "^1.0.6"

"resolve@1.1.7":
  "integrity" "sha1-IDEU2CrSxe2ejgQRs5ModeiJ6Xs="
  "resolved" "https://registry.npmjs.org/resolve/-/resolve-1.1.7.tgz"
  "version" "1.1.7"

"restructure@^0.5.3":
  "integrity" "sha1-9U591WNZD7NP1r9Vh2EJrsyyjeg="
  "resolved" "https://registry.npmjs.org/restructure/-/restructure-0.5.4.tgz"
  "version" "0.5.4"
  dependencies:
    "browserify-optional" "^1.0.0"

"safe-buffer@~5.1.0", "safe-buffer@~5.1.1":
  "integrity" "sha512-Gd2UZBJDkXlY7GbJxfsE8/nvKkUEU1G38c1siN6QP6a9PT9MmHB8GnpscSmMJSoF8LOIrt8ud/wPtojys4G6+g=="
  "resolved" "https://registry.npmjs.org/safe-buffer/-/safe-buffer-5.1.2.tgz"
  "version" "5.1.2"

"scope-analyzer@^2.0.1":
  "integrity" "sha512-azEAihtQ9mEyZGhfgTJy3IbOWEzeOrYbg7NcYEshPKnKd+LZmC3TNd5dmDxbLBsTG/JVWmCp+vDJ03vJjeXMHg=="
  "resolved" "https://registry.npmjs.org/scope-analyzer/-/scope-analyzer-2.1.1.tgz"
  "version" "2.1.1"
  dependencies:
    "array-from" "^2.1.1"
    "dash-ast" "^1.0.0"
    "es6-map" "^0.1.5"
    "es6-set" "^0.1.5"
    "es6-symbol" "^3.1.1"
    "estree-is-function" "^1.0.0"
    "get-assigned-identifiers" "^1.1.0"

"shallow-copy@~0.0.1":
  "integrity" "sha1-QV9CcC1z2BAzApLMXuhurhoRoXA="
  "resolved" "https://registry.npmjs.org/shallow-copy/-/shallow-copy-0.0.1.tgz"
  "version" "0.0.1"

"source-map@^0.5.6":
  "integrity" "sha1-igOdLRAh0i0eoUyA2OpGi6LvP8w="
  "resolved" "https://registry.npmjs.org/source-map/-/source-map-0.5.7.tgz"
  "version" "0.5.7"

"source-map@~0.1.30":
  "integrity" "sha1-wkvBRspRfBRx9drL4lcbK3+eM0Y="
  "resolved" "https://registry.npmjs.org/source-map/-/source-map-0.1.43.tgz"
  "version" "0.1.43"
  dependencies:
    "amdefine" ">=0.0.4"

"source-map@~0.6.1":
  "integrity" "sha512-UjgapumWlbMhkBgzT7Ykc5YXUT46F0iKu8SGXq0bcwP5dz/h0Plj6enJqjz1Zbq2l5WaqYnrVbwWOWMyF3F47g=="
  "resolved" "https://registry.npmjs.org/source-map/-/source-map-0.6.1.tgz"
  "version" "0.6.1"

"sourcemap-codec@^1.4.1":
  "integrity" "sha512-9NykojV5Uih4lgo5So5dtw+f0JgJX30KCNI8gwhz2J9A15wD0Ml6tjHKwf6fTSa6fAdVBdZeNOs9eJ71qCk8vA=="
  "resolved" "https://registry.npmjs.org/sourcemap-codec/-/sourcemap-codec-1.4.8.tgz"
  "version" "1.4.8"

"static-eval@^2.0.0", "static-eval@^2.0.5":
  "integrity" "sha512-agtxZ/kWSsCkI5E4QifRwsaPs0P0JmZV6dkLz6ILYfFYQGn+5plctanRN+IC8dJRiFkyXHrwEE3W9Wmx67uDbw=="
  "resolved" "https://registry.npmjs.org/static-eval/-/static-eval-2.1.0.tgz"
  "version" "2.1.0"
  dependencies:
    "escodegen" "^1.11.1"

"static-module@^2.2.0":
  "integrity" "sha512-D8vv82E/Kpmz3TXHKG8PPsCPg+RAX6cbCOyvjM6x04qZtQ47EtJFVwRsdov3n5d6/6ynrOY9XB4JkaZwB2xoRQ=="
  "resolved" "https://registry.npmjs.org/static-module/-/static-module-2.2.5.tgz"
  "version" "2.2.5"
  dependencies:
    "concat-stream" "~1.6.0"
    "convert-source-map" "^1.5.1"
    "duplexer2" "~0.1.4"
    "escodegen" "~1.9.0"
    "falafel" "^2.1.0"
    "has" "^1.0.1"
    "magic-string" "^0.22.4"
    "merge-source-map" "1.0.4"
    "object-inspect" "~1.4.0"
    "quote-stream" "~1.0.2"
    "readable-stream" "~2.3.3"
    "shallow-copy" "~0.0.1"
    "static-eval" "^2.0.0"
    "through2" "~2.0.3"

"static-module@^3.0.2":
  "integrity" "sha512-gb0v0rrgpBkifXCa3yZXxqVmXDVE+ETXj6YlC/jt5VzOnGXR2C15+++eXuMDUYsePnbhf+lwW0pE1UXyOLtGCw=="
  "resolved" "https://registry.npmjs.org/static-module/-/static-module-3.0.4.tgz"
  "version" "3.0.4"
  dependencies:
    "acorn-node" "^1.3.0"
    "concat-stream" "~1.6.0"
    "convert-source-map" "^1.5.1"
    "duplexer2" "~0.1.4"
    "escodegen" "^1.11.1"
    "has" "^1.0.1"
    "magic-string" "0.25.1"
    "merge-source-map" "1.0.4"
    "object-inspect" "^1.6.0"
    "readable-stream" "~2.3.3"
    "scope-analyzer" "^2.0.1"
    "shallow-copy" "~0.0.1"
    "static-eval" "^2.0.5"
    "through2" "~2.0.3"

"string_decoder@~1.1.1":
  "integrity" "sha512-n/ShnvDi6FHbbVfviro+WojiFzv+s8MPMHBczVePfUpDJLwoLT0ht1l4YwBCbi8pJAveEEdnkHyPyTP/mzRfwg=="
  "resolved" "https://registry.npmjs.org/string_decoder/-/string_decoder-1.1.1.tgz"
  "version" "1.1.1"
  dependencies:
    "safe-buffer" "~5.1.0"

"through@~2.3.4":
  "integrity" "sha1-DdTJ/6q8NXlgsbckEV1+Doai4fU="
  "resolved" "https://registry.npmjs.org/through/-/through-2.3.8.tgz"
  "version" "2.3.8"

"through2@^2.0.0", "through2@~2.0.3":
  "integrity" "sha512-/mrRod8xqpA+IHSLyGCQ2s8SPHiCDEeQJSep1jqLYeEUClOFG2Qsh+4FU6G9VeqpZnGW/Su8LQGc4YKni5rYSQ=="
  "resolved" "https://registry.npmjs.org/through2/-/through2-2.0.5.tgz"
  "version" "2.0.5"
  dependencies:
    "readable-stream" "~2.3.6"
    "xtend" "~4.0.1"

"tiny-inflate@^1.0.0", "tiny-inflate@^1.0.2":
  "integrity" "sha1-k9nez/yIBb1X6uQxDwt0Xptvs6c="
  "resolved" "https://registry.npmjs.org/tiny-inflate/-/tiny-inflate-1.0.2.tgz"
  "version" "1.0.2"

"type-check@~0.3.2":
  "integrity" "sha1-WITKtRLPHTVeP7eE8wgEsrUg23I="
  "resolved" "https://registry.npmjs.org/type-check/-/type-check-0.3.2.tgz"
  "version" "0.3.2"
  dependencies:
    "prelude-ls" "~1.1.2"

"type@^1.0.1":
  "integrity" "sha512-+5nt5AAniqsCnu2cEQQdpzCAh33kVx8n0VoFidKpB1dVVLAN/F+bgVOqOJqOnEnrhp222clB5p3vUlD+1QAnfg=="
  "resolved" "https://registry.npmjs.org/type/-/type-1.2.0.tgz"
  "version" "1.2.0"

"type@^2.0.0":
  "integrity" "sha512-rgPIqOdfK/4J9FhiVrZ3cveAjRRo5rsQBAIhnylX874y1DX/kEKSVdLsnuHB6l1KTjHyU01VjiMBHgU2adejyg=="
  "resolved" "https://registry.npmjs.org/type/-/type-2.3.0.tgz"
  "version" "2.3.0"

"typedarray@^0.0.6":
  "integrity" "sha1-hnrHTjhkGHsdPUfZlqeOxciDB3c="
  "resolved" "https://registry.npmjs.org/typedarray/-/typedarray-0.0.6.tgz"
  "version" "0.0.6"

"unicode-properties@^1.0.0":
  "integrity" "sha1-epbu9J91aC6mnSMV7smsQ//fAME="
  "resolved" "https://registry.npmjs.org/unicode-properties/-/unicode-properties-1.1.0.tgz"
  "version" "1.1.0"
  dependencies:
    "brfs" "^1.4.0"
    "unicode-trie" "^0.3.0"

"unicode-trie@^0.3.0":
  "integrity" "sha1-1nHd3YkQGgi6w3tqUWEBBgIFIIU="
  "resolved" "https://registry.npmjs.org/unicode-trie/-/unicode-trie-0.3.1.tgz"
  "version" "0.3.1"
  dependencies:
    "pako" "^0.2.5"
    "tiny-inflate" "^1.0.0"

"unicode-trie@^1.0.0":
  "integrity" "sha512-v5raLKsobbFbWLMoX9+bChts/VhPPj3XpkNr/HbqkirXR1DPk8eo9IYKyvk0MQZFkaoRsFj2Rmaqgi2rfAZYtA=="
  "resolved" "https://registry.npmjs.org/unicode-trie/-/unicode-trie-1.0.0.tgz"
  "version" "1.0.0"
  dependencies:
    "pako" "^0.2.5"
    "tiny-inflate" "^1.0.0"

"util-deprecate@~1.0.1":
  "integrity" "sha1-RQ1Nyfpw3nMnYvvS1KKJgUGaDM8="
  "resolved" "https://registry.npmjs.org/util-deprecate/-/util-deprecate-1.0.2.tgz"
  "version" "1.0.2"

"vlq@^0.2.2":
  "integrity" "sha512-DRibZL6DsNhIgYQ+wNdWDL2SL3bKPlVrRiBqV5yuMm++op8W4kGFtaQfCs4KEJn0wBZcHVHJ3eoywX8983k1ow=="
  "resolved" "https://registry.npmjs.org/vlq/-/vlq-0.2.3.tgz"
  "version" "0.2.3"

"voilab-pdf-table@^0.5.0":
  "integrity" "sha512-JdicQgamz0bvDVqIg8QoC2Is+6XCiwdeyx/XXnA5aCPS+/lhop4dujdNqqGs40gfRpGXfIffk+/aptMfwKIm0g=="
  "resolved" "https://registry.npmjs.org/voilab-pdf-table/-/voilab-pdf-table-0.5.0.tgz"
  "version" "0.5.0"
  dependencies:
    "lodash" "^4.17.10"

"wordwrap@~1.0.0":
  "integrity" "sha1-J1hIEIkUVqQXHI0CJkQa3pDLyus="
  "resolved" "https://registry.npmjs.org/wordwrap/-/wordwrap-1.0.0.tgz"
  "version" "1.0.0"

"xtend@^4.0.2", "xtend@~4.0.1":
  "integrity" "sha512-LKYU1iAXJXUgAXn9URjiu+MWhyUXHsvfp7mcuYm9dSUKK0/CjtrUwFAxD82/mCWbtLsGjFIad0wIsod4zrTAEQ=="
  "resolved" "https://registry.npmjs.org/xtend/-/xtend-4.0.2.tgz"
  "version" "4.0.2"
